{
  "pins" : [
    {
      "identity" : "modernribs",
      "kind" : "remoteSourceControl",
      "location" : "https://github.com/DevYeom/ModernRIBs.git",
      "state" : {
        "branch" : "main",
        "revision" : "8884514a2b98e98dd381f941054a5cbb275eaaf2"
      }
    }
  ],
  "version" : 2
}
